// !$*UTF8*$!
{
	archiveVersion = 1;
	classes = {
	};
	objectVersion = 56;
	objects = {

/* Begin PBXBuildFile section */
		436DDC8E2BA4C25D00BA41E0 /* ReduxApplicationApp.swift in Sources */ = {isa = PBXBuildFile; fileRef = 436DDC8D2BA4C25D00BA41E0 /* ReduxApplicationApp.swift */; };
		436DDC902BA4C25D00BA41E0 /* ContentView.swift in Sources */ = {isa = PBXBuildFile; fileRef = 436DDC8F2BA4C25D00BA41E0 /* ContentView.swift */; };
		436DDC922BA4C26000BA41E0 /* Assets.xcassets in Resources */ = {isa = PBXBuildFile; fileRef = 436DDC912BA4C26000BA41E0 /* Assets.xcassets */; };
		436DDC952BA4C26000BA41E0 /* Preview Assets.xcassets in Resources */ = {isa = PBXBuildFile; fileRef = 436DDC942BA4C26000BA41E0 /* Preview Assets.xcassets */; };
		436DDC9F2BA4C26000BA41E0 /* ReduxApplicationTests.swift in Sources */ = {isa = PBXBuildFile; fileRef = 436DDC9E2BA4C26000BA41E0 /* ReduxApplicationTests.swift */; };
		436DDCA92BA4C26000BA41E0 /* ReduxApplicationUITests.swift in Sources */ = {isa = PBXBuildFile; fileRef = 436DDCA82BA4C26000BA41E0 /* ReduxApplicationUITests.swift */; };
		436DDCAB2BA4C26000BA41E0 /* ReduxApplicationUITestsLaunchTests.swift in Sources */ = {isa = PBXBuildFile; fileRef = 436DDCAA2BA4C26000BA41E0 /* ReduxApplicationUITestsLaunchTests.swift */; };
/* End PBXBuildFile section */

/* Begin PBXContainerItemProxy section */
		436DDC9B2BA4C26000BA41E0 /* PBXContainerItemProxy */ = {
			isa = PBXContainerItemProxy;
			containerPortal = 436DDC822BA4C25D00BA41E0 /* Project object */;
			proxyType = 1;
			remoteGlobalIDString = 436DDC892BA4C25D00BA41E0;
			remoteInfo = ReduxApplication;
		};
		436DDCA52BA4C26000BA41E0 /* PBXContainerItemProxy */ = {
			isa = PBXContainerItemProxy;
			containerPortal = 436DDC822BA4C25D00BA41E0 /* Project object */;
			proxyType = 1;
			remoteGlobalIDString = 436DDC892BA4C25D00BA41E0;
			remoteInfo = ReduxApplication;
		};
/* End PBXContainerItemProxy section */

/* Begin PBXFileReference section */
		436DDC8A2BA4C25D00BA41E0 /* ReduxApplication.app */ = {isa = PBXFileReference; explicitFileType = wrapper.application; includeInIndex = 0; path = ReduxApplication.app; sourceTree = BUILT_PRODUCTS_DIR; };
		436DDC8D2BA4C25D00BA41E0 /* ReduxApplicationApp.swift */ = {isa = PBXFileReference; lastKnownFileType = sourcecode.swift; path = ReduxApplicationApp.swift; sourceTree = "<group>"; };
		436DDC8F2BA4C25D00BA41E0 /* ContentView.swift */ = {isa = PBXFileReference; lastKnownFileType = sourcecode.swift; path = ContentView.swift; sourceTree = "<group>"; };
		436DDC912BA4C26000BA41E0 /* Assets.xcassets */ = {isa = PBXFileReference; lastKnownFileType = folder.assetcatalog; path = Assets.xcassets; sourceTree = "<group>"; };
		436DDC942BA4C26000BA41E0 /* Preview Assets.xcassets */ = {isa = PBXFileReference; lastKnownFileType = folder.assetcatalog; path = "Preview Assets.xcassets"; sourceTree = "<group>"; };
		436DDC9A2BA4C26000BA41E0 /* ReduxApplicationTests.xctest */ = {isa = PBXFileReference; explicitFileType = wrapper.cfbundle; includeInIndex = 0; path = ReduxApplicationTests.xctest; sourceTree = BUILT_PRODUCTS_DIR; };
		436DDC9E2BA4C26000BA41E0 /* ReduxApplicationTests.swift */ = {isa = PBXFileReference; lastKnownFileType = sourcecode.swift; path = ReduxApplicationTests.swift; sourceTree = "<group>"; };
		436DDCA42BA4C26000BA41E0 /* ReduxApplicationUITests.xctest */ = {isa = PBXFileReference; explicitFileType = wrapper.cfbundle; includeInIndex = 0; path = ReduxApplicationUITests.xctest; sourceTree = BUILT_PRODUCTS_DIR; };
		436DDCA82BA4C26000BA41E0 /* ReduxApplicationUITests.swift */ = {isa = PBXFileReference; lastKnownFileType = sourcecode.swift; path = ReduxApplicationUITests.swift; sourceTree = "<group>"; };
		436DDCAA2BA4C26000BA41E0 /* ReduxApplicationUITestsLaunchTests.swift */ = {isa = PBXFileReference; lastKnownFileType = sourcecode.swift; path = ReduxApplicationUITestsLaunchTests.swift; sourceTree = "<group>"; };
/* End PBXFileReference section */

/* Begin PBXFrameworksBuildPhase section */
		436DDC872BA4C25D00BA41E0 /* Frameworks */ = {
			isa = PBXFrameworksBuildPhase;
			buildActionMask = 2147483647;
			files = (
			);
			runOnlyForDeploymentPostprocessing = 0;
		};
		436DDC972BA4C26000BA41E0 /* Frameworks */ = {
			isa = PBXFrameworksBuildPhase;
			buildActionMask = 2147483647;
			files = (
			);
			runOnlyForDeploymentPostprocessing = 0;
		};
		436DDCA12BA4C26000BA41E0 /* Frameworks */ = {
			isa = PBXFrameworksBuildPhase;
			buildActionMask = 2147483647;
			files = (
			);
			runOnlyForDeploymentPostprocessing = 0;
		};
/* End PBXFrameworksBuildPhase section */

/* Begin PBXGroup section */
		436DDC812BA4C25D00BA41E0 = {
			isa = PBXGroup;
			children = (
				436DDC8C2BA4C25D00BA41E0 /* ReduxApplication */,
				436DDC9D2BA4C26000BA41E0 /* ReduxApplicationTests */,
				436DDCA72BA4C26000BA41E0 /* ReduxApplicationUITests */,
				436DDC8B2BA4C25D00BA41E0 /* Products */,
			);
			sourceTree = "<group>";
		};
		436DDC8B2BA4C25D00BA41E0 /* Products */ = {
			isa = PBXGroup;
			children = (
				436DDC8A2BA4C25D00BA41E0 /* ReduxApplication.app */,
				436DDC9A2BA4C26000BA41E0 /* ReduxApplicationTests.xctest */,
				436DDCA42BA4C26000BA41E0 /* ReduxApplicationUITests.xctest */,
			);
			name = Products;
			sourceTree = "<group>";
		};
		436DDC8C2BA4C25D00BA41E0 /* ReduxApplication */ = {
			isa = PBXGroup;
			children = (
				436DDC8D2BA4C25D00BA41E0 /* ReduxApplicationApp.swift */,
				436DDC8F2BA4C25D00BA41E0 /* ContentView.swift */,
				436DDC912BA4C26000BA41E0 /* Assets.xcassets */,
				436DDC932BA4C26000BA41E0 /* Preview Content */,
			);
			path = ReduxApplication;
			sourceTree = "<group>";
		};
		436DDC932BA4C26000BA41E0 /* Preview Content */ = {
			isa = PBXGroup;
			children = (
				436DDC942BA4C26000BA41E0 /* Preview Assets.xcassets */,
			);
			path = "Preview Content";
			sourceTree = "<group>";
		};
		436DDC9D2BA4C26000BA41E0 /* ReduxApplicationTests */ = {
			isa = PBXGroup;
			children = (
				436DDC9E2BA4C26000BA41E0 /* ReduxApplicationTests.swift */,
			);
			path = ReduxApplicationTests;
			sourceTree = "<group>";
		};
		436DDCA72BA4C26000BA41E0 /* ReduxApplicationUITests */ = {
			isa = PBXGroup;
			children = (
				436DDCA82BA4C26000BA41E0 /* ReduxApplicationUITests.swift */,
				436DDCAA2BA4C26000BA41E0 /* ReduxApplicationUITestsLaunchTests.swift */,
			);
			path = ReduxApplicationUITests;
			sourceTree = "<group>";
		};
/* End PBXGroup section */

/* Begin PBXNativeTarget section */
		436DDC892BA4C25D00BA41E0 /* ReduxApplication */ = {
			isa = PBXNativeTarget;
			buildConfigurationList = 436DDCAE2BA4C26000BA41E0 /* Build configuration list for PBXNativeTarget "ReduxApplication" */;
			buildPhases = (
				436DDC862BA4C25D00BA41E0 /* Sources */,
				436DDC872BA4C25D00BA41E0 /* Frameworks */,
				436DDC882BA4C25D00BA41E0 /* Resources */,
			);
			buildRules = (
			);
			dependencies = (
			);
			name = ReduxApplication;
			productName = ReduxApplication;
			productReference = 436DDC8A2BA4C25D00BA41E0 /* ReduxApplication.app */;
			productType = "com.apple.product-type.application";
		};
		436DDC992BA4C26000BA41E0 /* ReduxApplicationTests */ = {
			isa = PBXNativeTarget;
			buildConfigurationList = 436DDCB12BA4C26000BA41E0 /* Build configuration list for PBXNativeTarget "ReduxApplicationTests" */;
			buildPhases = (
				436DDC962BA4C26000BA41E0 /* Sources */,
				436DDC972BA4C26000BA41E0 /* Frameworks */,
				436DDC982BA4C26000BA41E0 /* Resources */,
			);
			buildRules = (
			);
			dependencies = (
				436DDC9C2BA4C26000BA41E0 /* PBXTargetDependency */,
			);
			name = ReduxApplicationTests;
			productName = ReduxApplicationTests;
			productReference = 436DDC9A2BA4C26000BA41E0 /* ReduxApplicationTests.xctest */;
			productType = "com.apple.product-type.bundle.unit-test";
		};
		436DDCA32BA4C26000BA41E0 /* ReduxApplicationUITests */ = {
			isa = PBXNativeTarget;
			buildConfigurationList = 436DDCB42BA4C26000BA41E0 /* Build configuration list for PBXNativeTarget "ReduxApplicationUITests" */;
			buildPhases = (
				436DDCA02BA4C26000BA41E0 /* Sources */,
				436DDCA12BA4C26000BA41E0 /* Frameworks */,
				436DDCA22BA4C26000BA41E0 /* Resources */,
			);
			buildRules = (
			);
			dependencies = (
				436DDCA62BA4C26000BA41E0 /* PBXTargetDependency */,
			);
			name = ReduxApplicationUITests;
			productName = ReduxApplicationUITests;
			productReference = 436DDCA42BA4C26000BA41E0 /* ReduxApplicationUITests.xctest */;
			productType = "com.apple.product-type.bundle.ui-testing";
		};
/* End PBXNativeTarget section */

/* Begin PBXProject section */
		436DDC822BA4C25D00BA41E0 /* Project object */ = {
			isa = PBXProject;
			attributes = {
				BuildIndependentTargetsInParallel = 1;
				LastSwiftUpdateCheck = 1500;
				LastUpgradeCheck = 1500;
				TargetAttributes = {
					436DDC892BA4C25D00BA41E0 = {
						CreatedOnToolsVersion = 15.0;
					};
					436DDC992BA4C26000BA41E0 = {
						CreatedOnToolsVersion = 15.0;
						TestTargetID = 436DDC892BA4C25D00BA41E0;
					};
					436DDCA32BA4C26000BA41E0 = {
						CreatedOnToolsVersion = 15.0;
						TestTargetID = 436DDC892BA4C25D00BA41E0;
					};
				};
			};
			buildConfigurationList = 436DDC852BA4C25D00BA41E0 /* Build configuration list for PBXProject "ReduxApplication" */;
			compatibilityVersion = "Xcode 14.0";
			developmentRegion = en;
			hasScannedForEncodings = 0;
			knownRegions = (
				en,
				Base,
			);
			mainGroup = 436DDC812BA4C25D00BA41E0;
			productRefGroup = 436DDC8B2BA4C25D00BA41E0 /* Products */;
			projectDirPath = "";
			projectRoot = "";
			targets = (
				436DDC892BA4C25D00BA41E0 /* ReduxApplication */,
				436DDC992BA4C26000BA41E0 /* ReduxApplicationTests */,
				436DDCA32BA4C26000BA41E0 /* ReduxApplicationUITests */,
			);
		};
/* End PBXProject section */

/* Begin PBXResourcesBuildPhase section */
		436DDC882BA4C25D00BA41E0 /* Resources */ = {
			isa = PBXResourcesBuildPhase;
			buildActionMask = 2147483647;
			files = (
				436DDC952BA4C26000BA41E0 /* Preview Assets.xcassets in Resources */,
				436DDC922BA4C26000BA41E0 /* Assets.xcassets in Resources */,
			);
			runOnlyForDeploymentPostprocessing = 0;
		};
		436DDC982BA4C26000BA41E0 /* Resources */ = {
			isa = PBXResourcesBuildPhase;
			buildActionMask = 2147483647;
			files = (
			);
			runOnlyForDeploymentPostprocessing = 0;
		};
		436DDCA22BA4C26000BA41E0 /* Resources */ = {
			isa = PBXResourcesBuildPhase;
			buildActionMask = 2147483647;
			files = (
			);
			runOnlyForDeploymentPostprocessing = 0;
		};
/* End PBXResourcesBuildPhase section */

/* Begin PBXSourcesBuildPhase section */
		436DDC862BA4C25D00BA41E0 /* Sources */ = {
			isa = PBXSourcesBuildPhase;
			buildActionMask = 2147483647;
			files = (
				436DDC902BA4C25D00BA41E0 /* ContentView.swift in Sources */,
				436DDC8E2BA4C25D00BA41E0 /* ReduxApplicationApp.swift in Sources */,
			);
			runOnlyForDeploymentPostprocessing = 0;
		};
		436DDC962BA4C26000BA41E0 /* Sources */ = {
			isa = PBXSourcesBuildPhase;
			buildActionMask = 2147483647;
			files = (
				436DDC9F2BA4C26000BA41E0 /* ReduxApplicationTests.swift in Sources */,
			);
			runOnlyForDeploymentPostprocessing = 0;
		};
		436DDCA02BA4C26000BA41E0 /* Sources */ = {
			isa = PBXSourcesBuildPhase;
			buildActionMask = 2147483647;
			files = (
				436DDCAB2BA4C26000BA41E0 /* ReduxApplicationUITestsLaunchTests.swift in Sources */,
				436DDCA92BA4C26000BA41E0 /* ReduxApplicationUITests.swift in Sources */,
			);
			runOnlyForDeploymentPostprocessing = 0;
		};
/* End PBXSourcesBuildPhase section */

/* Begin PBXTargetDependency section */
		436DDC9C2BA4C26000BA41E0 /* PBXTargetDependency */ = {
			isa = PBXTargetDependency;
			target = 436DDC892BA4C25D00BA41E0 /* ReduxApplication */;
			targetProxy = 436DDC9B2BA4C26000BA41E0 /* PBXContainerItemProxy */;
		};
		436DDCA62BA4C26000BA41E0 /* PBXTargetDependency */ = {
			isa = PBXTargetDependency;
			target = 436DDC892BA4C25D00BA41E0 /* ReduxApplication */;
			targetProxy = 436DDCA52BA4C26000BA41E0 /* PBXContainerItemProxy */;
		};
/* End PBXTargetDependency section */

/* Begin XCBuildConfiguration section */
		436DDCAC2BA4C26000BA41E0 /* Debug */ = {
			isa = XCBuildConfiguration;
			buildSettings = {
				ALWAYS_SEARCH_USER_PATHS = NO;
				ASSETCATALOG_COMPILER_GENERATE_SWIFT_ASSET_SYMBOL_EXTENSIONS = YES;
				CLANG_ANALYZER_NONNULL = YES;
				CLANG_ANALYZER_NUMBER_OBJECT_CONVERSION = YES_AGGRESSIVE;
				CLANG_CXX_LANGUAGE_STANDARD = "gnu++20";
				CLANG_ENABLE_MODULES = YES;
				CLANG_ENABLE_OBJC_ARC = YES;
				CLANG_ENABLE_OBJC_WEAK = YES;
				CLANG_WARN_BLOCK_CAPTURE_AUTORELEASING = YES;
				CLANG_WARN_BOOL_CONVERSION = YES;
				CLANG_WARN_COMMA = YES;
				CLANG_WARN_CONSTANT_CONVERSION = YES;
				CLANG_WARN_DEPRECATED_OBJC_IMPLEMENTATIONS = YES;
				CLANG_WARN_DIRECT_OBJC_ISA_USAGE = YES_ERROR;
				CLANG_WARN_DOCUMENTATION_COMMENTS = YES;
				CLANG_WARN_EMPTY_BODY = YES;
				CLANG_WARN_ENUM_CONVERSION = YES;
				CLANG_WARN_INFINITE_RECURSION = YES;
				CLANG_WARN_INT_CONVERSION = YES;
				CLANG_WARN_NON_LITERAL_NULL_CONVERSION = YES;
				CLANG_WARN_OBJC_IMPLICIT_RETAIN_SELF = YES;
				CLANG_WARN_OBJC_LITERAL_CONVERSION = YES;
				CLANG_WARN_OBJC_ROOT_CLASS = YES_ERROR;
				CLANG_WARN_QUOTED_INCLUDE_IN_FRAMEWORK_HEADER = YES;
				CLANG_WARN_RANGE_LOOP_ANALYSIS = YES;
				CLANG_WARN_STRICT_PROTOTYPES = YES;
				CLANG_WARN_SUSPICIOUS_MOVE = YES;
				CLANG_WARN_UNGUARDED_AVAILABILITY = YES_AGGRESSIVE;
				CLANG_WARN_UNREACHABLE_CODE = YES;
				CLANG_WARN__DUPLICATE_METHOD_MATCH = YES;
				COPY_PHASE_STRIP = NO;
				DEBUG_INFORMATION_FORMAT = dwarf;
				ENABLE_STRICT_OBJC_MSGSEND = YES;
				ENABLE_TESTABILITY = YES;
				ENABLE_USER_SCRIPT_SANDBOXING = YES;
				GCC_C_LANGUAGE_STANDARD = gnu17;
				GCC_DYNAMIC_NO_PIC = NO;
				GCC_NO_COMMON_BLOCKS = YES;
				GCC_OPTIMIZATION_LEVEL = 0;
				GCC_PREPROCESSOR_DEFINITIONS = (
					"DEBUG=1",
					"$(inherited)",
				);
				GCC_WARN_64_TO_32_BIT_CONVERSION = YES;
				GCC_WARN_ABOUT_RETURN_TYPE = YES_ERROR;
				GCC_WARN_UNDECLARED_SELECTOR = YES;
				GCC_WARN_UNINITIALIZED_AUTOS = YES_AGGRESSIVE;
				GCC_WARN_UNUSED_FUNCTION = YES;
				GCC_WARN_UNUSED_VARIABLE = YES;
				IPHONEOS_DEPLOYMENT_TARGET = 17.0;
				LOCALIZATION_PREFERS_STRING_CATALOGS = YES;
				MTL_ENABLE_DEBUG_INFO = INCLUDE_SOURCE;
				MTL_FAST_MATH = YES;
				ONLY_ACTIVE_ARCH = YES;
				SDKROOT = iphoneos;
				SWIFT_ACTIVE_COMPILATION_CONDITIONS = "DEBUG $(inherited)";
				SWIFT_OPTIMIZATION_LEVEL = "-Onone";
			};
			name = Debug;
		};
		436DDCAD2BA4C26000BA41E0 /* Release */ = {
			isa = XCBuildConfiguration;
			buildSettings = {
				ALWAYS_SEARCH_USER_PATHS = NO;
				ASSETCATALOG_COMPILER_GENERATE_SWIFT_ASSET_SYMBOL_EXTENSIONS = YES;
				CLANG_ANALYZER_NONNULL = YES;
				CLANG_ANALYZER_NUMBER_OBJECT_CONVERSION = YES_AGGRESSIVE;
				CLANG_CXX_LANGUAGE_STANDARD = "gnu++20";
				CLANG_ENABLE_MODULES = YES;
				CLANG_ENABLE_OBJC_ARC = YES;
				CLANG_ENABLE_OBJC_WEAK = YES;
				CLANG_WARN_BLOCK_CAPTURE_AUTORELEASING = YES;
				CLANG_WARN_BOOL_CONVERSION = YES;
				CLANG_WARN_COMMA = YES;
				CLANG_WARN_CONSTANT_CONVERSION = YES;
				CLANG_WARN_DEPRECATED_OBJC_IMPLEMENTATIONS = YES;
				CLANG_WARN_DIRECT_OBJC_ISA_USAGE = YES_ERROR;
				CLANG_WARN_DOCUMENTATION_COMMENTS = YES;
				CLANG_WARN_EMPTY_BODY = YES;
				CLANG_WARN_ENUM_CONVERSION = YES;
				CLANG_WARN_INFINITE_RECURSION = YES;
				CLANG_WARN_INT_CONVERSION = YES;
				CLANG_WARN_NON_LITERAL_NULL_CONVERSION = YES;
				CLANG_WARN_OBJC_IMPLICIT_RETAIN_SELF = YES;
				CLANG_WARN_OBJC_LITERAL_CONVERSION = YES;
				CLANG_WARN_OBJC_ROOT_CLASS = YES_ERROR;
				CLANG_WARN_QUOTED_INCLUDE_IN_FRAMEWORK_HEADER = YES;
				CLANG_WARN_RANGE_LOOP_ANALYSIS = YES;
				CLANG_WARN_STRICT_PROTOTYPES = YES;
				CLANG_WARN_SUSPICIOUS_MOVE = YES;
				CLANG_WARN_UNGUARDED_AVAILABILITY = YES_AGGRESSIVE;
				CLANG_WARN_UNREACHABLE_CODE = YES;
				CLANG_WARN__DUPLICATE_METHOD_MATCH = YES;
				COPY_PHASE_STRIP = NO;
				DEBUG_INFORMATION_FORMAT = "dwarf-with-dsym";
				ENABLE_NS_ASSERTIONS = NO;
				ENABLE_STRICT_OBJC_MSGSEND = YES;
				ENABLE_USER_SCRIPT_SANDBOXING = YES;
				GCC_C_LANGUAGE_STANDARD = gnu17;
				GCC_NO_COMMON_BLOCKS = YES;
				GCC_WARN_64_TO_32_BIT_CONVERSION = YES;
				GCC_WARN_ABOUT_RETURN_TYPE = YES_ERROR;
				GCC_WARN_UNDECLARED_SELECTOR = YES;
				GCC_WARN_UNINITIALIZED_AUTOS = YES_AGGRESSIVE;
				GCC_WARN_UNUSED_FUNCTION = YES;
				GCC_WARN_UNUSED_VARIABLE = YES;
				IPHONEOS_DEPLOYMENT_TARGET = 17.0;
				LOCALIZATION_PREFERS_STRING_CATALOGS = YES;
				MTL_ENABLE_DEBUG_INFO = NO;
				MTL_FAST_MATH = YES;
				SDKROOT = iphoneos;
				SWIFT_COMPILATION_MODE = wholemodule;
				VALIDATE_PRODUCT = YES;
			};
			name = Release;
		};
		436DDCAF2BA4C26000BA41E0 /* Debug */ = {
			isa = XCBuildConfiguration;
			buildSettings = {
				ASSETCATALOG_COMPILER_APPICON_NAME = AppIcon;
				ASSETCATALOG_COMPILER_GLOBAL_ACCENT_COLOR_NAME = AccentColor;
				CODE_SIGN_STYLE = Automatic;
				CURRENT_PROJECT_VERSION = 1;
				DEVELOPMENT_ASSET_PATHS = "\"ReduxApplication/Preview Content\"";
				DEVELOPMENT_TEAM = N6859F3C8L;
				ENABLE_PREVIEWS = YES;
				GENERATE_INFOPLIST_FILE = YES;
				INFOPLIST_KEY_UIApplicationSceneManifest_Generation = YES;
				INFOPLIST_KEY_UIApplicationSupportsIndirectInputEvents = YES;
				INFOPLIST_KEY_UILaunchScreen_Generation = YES;
				INFOPLIST_KEY_UISupportedInterfaceOrientations_iPad = "UIInterfaceOrientationPortrait UIInterfaceOrientationPortraitUpsideDown UIInterfaceOrientationLandscapeLeft UIInterfaceOrientationLandscapeRight";
				INFOPLIST_KEY_UISupportedInterfaceOrientations_iPhone = "UIInterfaceOrientationPortrait UIInterfaceOrientationLandscapeLeft UIInterfaceOrientationLandscapeRight";
				LD_RUNPATH_SEARCH_PATHS = (
					"$(inherited)",
					"@executable_path/Frameworks",
				);
				MARKETING_VERSION = 1.0;
				PRODUCT_BUNDLE_IDENTIFIER = com.rohitragmahale.swiftUIAnimations.ReduxApplication;
				PRODUCT_NAME = "$(TARGET_NAME)";
				SWIFT_EMIT_LOC_STRINGS = YES;
				SWIFT_VERSION = 5.0;
				TARGETED_DEVICE_FAMILY = "1,2";
			};
			name = Debug;
		};
		436DDCB02BA4C26000BA41E0 /* Release */ = {
			isa = XCBuildConfiguration;
			buildSettings = {
				ASSETCATALOG_COMPILER_APPICON_NAME = AppIcon;
				ASSETCATALOG_COMPILER_GLOBAL_ACCENT_COLOR_NAME = AccentColor;
				CODE_SIGN_STYLE = Automatic;
				CURRENT_PROJECT_VERSION = 1;
				DEVELOPMENT_ASSET_PATHS = "\"ReduxApplication/Preview Content\"";
				DEVELOPMENT_TEAM = N6859F3C8L;
				ENABLE_PREVIEWS = YES;
				GENERATE_INFOPLIST_FILE = YES;
				INFOPLIST_KEY_UIApplicationSceneManifest_Generation = YES;
				INFOPLIST_KEY_UIApplicationSupportsIndirectInputEvents = YES;
				INFOPLIST_KEY_UILaunchScreen_Generation = YES;
				INFOPLIST_KEY_UISupportedInterfaceOrientations_iPad = "UIInterfaceOrientationPortrait UIInterfaceOrientationPortraitUpsideDown UIInterfaceOrientationLandscapeLeft UIInterfaceOrientationLandscapeRight";
				INFOPLIST_KEY_UISupportedInterfaceOrientations_iPhone = "UIInterfaceOrientationPortrait UIInterfaceOrientationLandscapeLeft UIInterfaceOrientationLandscapeRight";
				LD_RUNPATH_SEARCH_PATHS = (
					"$(inherited)",
					"@executable_path/Frameworks",
				);
				MARKETING_VERSION = 1.0;
				PRODUCT_BUNDLE_IDENTIFIER = com.rohitragmahale.swiftUIAnimations.ReduxApplication;
				PRODUCT_NAME = "$(TARGET_NAME)";
				SWIFT_EMIT_LOC_STRINGS = YES;
				SWIFT_VERSION = 5.0;
				TARGETED_DEVICE_FAMILY = "1,2";
			};
			name = Release;
		};
		436DDCB22BA4C26000BA41E0 /* Debug */ = {
			isa = XCBuildConfiguration;
			buildSettings = {
				ALWAYS_EMBED_SWIFT_STANDARD_LIBRARIES = YES;
				BUNDLE_LOADER = "$(TEST_HOST)";
				CODE_SIGN_STYLE = Automatic;
				CURRENT_PROJECT_VERSION = 1;
				DEVELOPMENT_TEAM = N6859F3C8L;
				GENERATE_INFOPLIST_FILE = YES;
				IPHONEOS_DEPLOYMENT_TARGET = 17.0;
				MARKETING_VERSION = 1.0;
				PRODUCT_BUNDLE_IDENTIFIER = com.rohitragmahale.swiftUIAnimations.ReduxApplicationTests;
				PRODUCT_NAME = "$(TARGET_NAME)";
				SWIFT_EMIT_LOC_STRINGS = NO;
				SWIFT_VERSION = 5.0;
				TARGETED_DEVICE_FAMILY = "1,2";
				TEST_HOST = "$(BUILT_PRODUCTS_DIR)/ReduxApplication.app/$(BUNDLE_EXECUTABLE_FOLDER_PATH)/ReduxApplication";
			};
			name = Debug;
		};
		436DDCB32BA4C26000BA41E0 /* Release */ = {
			isa = XCBuildConfiguration;
			buildSettings = {
				ALWAYS_EMBED_SWIFT_STANDARD_LIBRARIES = YES;
				BUNDLE_LOADER = "$(TEST_HOST)";
				CODE_SIGN_STYLE = Automatic;
				CURRENT_PROJECT_VERSION = 1;
				DEVELOPMENT_TEAM = N6859F3C8L;
				GENERATE_INFOPLIST_FILE = YES;
				IPHONEOS_DEPLOYMENT_TARGET = 17.0;
				MARKETING_VERSION = 1.0;
				PRODUCT_BUNDLE_IDENTIFIER = com.rohitragmahale.swiftUIAnimations.ReduxApplicationTests;
				PRODUCT_NAME = "$(TARGET_NAME)";
				SWIFT_EMIT_LOC_STRINGS = NO;
				SWIFT_VERSION = 5.0;
				TARGETED_DEVICE_FAMILY = "1,2";
				TEST_HOST = "$(BUILT_PRODUCTS_DIR)/ReduxApplication.app/$(BUNDLE_EXECUTABLE_FOLDER_PATH)/ReduxApplication";
			};
			name = Release;
		};
		436DDCB52BA4C26000BA41E0 /* Debug */ = {
			isa = XCBuildConfiguration;
			buildSettings = {
				ALWAYS_EMBED_SWIFT_STANDARD_LIBRARIES = YES;
				CODE_SIGN_STYLE = Automatic;
				CURRENT_PROJECT_VERSION = 1;
				DEVELOPMENT_TEAM = N6859F3C8L;
				GENERATE_INFOPLIST_FILE = YES;
				MARKETING_VERSION = 1.0;
				PRODUCT_BUNDLE_IDENTIFIER = com.rohitragmahale.swiftUIAnimations.ReduxApplicationUITests;
				PRODUCT_NAME = "$(TARGET_NAME)";
				SWIFT_EMIT_LOC_STRINGS = NO;
				SWIFT_VERSION = 5.0;
				TARGETED_DEVICE_FAMILY = "1,2";
				TEST_TARGET_NAME = ReduxApplication;
			};
			name = Debug;
		};
		436DDCB62BA4C26000BA41E0 /* Release */ = {
			isa = XCBuildConfiguration;
			buildSettings = {
				ALWAYS_EMBED_SWIFT_STANDARD_LIBRARIES = YES;
				CODE_SIGN_STYLE = Automatic;
				CURRENT_PROJECT_VERSION = 1;
				DEVELOPMENT_TEAM = N6859F3C8L;
				GENERATE_INFOPLIST_FILE = YES;
				MARKETING_VERSION = 1.0;
				PRODUCT_BUNDLE_IDENTIFIER = com.rohitragmahale.swiftUIAnimations.ReduxApplicationUITests;
				PRODUCT_NAME = "$(TARGET_NAME)";
				SWIFT_EMIT_LOC_STRINGS = NO;
				SWIFT_VERSION = 5.0;
				TARGETED_DEVICE_FAMILY = "1,2";
				TEST_TARGET_NAME = ReduxApplication;
			};
			name = Release;
		};
/* End XCBuildConfiguration section */

/* Begin XCConfigurationList section */
		436DDC852BA4C25D00BA41E0 /* Build configuration list for PBXProject "ReduxApplication" */ = {
			isa = XCConfigurationList;
			buildConfigurations = (
				436DDCAC2BA4C26000BA41E0 /* Debug */,
				436DDCAD2BA4C26000BA41E0 /* Release */,
			);
			defaultConfigurationIsVisible = 0;
			defaultConfigurationName = Release;
		};
		436DDCAE2BA4C26000BA41E0 /* Build configuration list for PBXNativeTarget "ReduxApplication" */ = {
			isa = XCConfigurationList;
			buildConfigurations = (
				436DDCAF2BA4C26000BA41E0 /* Debug */,
				436DDCB02BA4C26000BA41E0 /* Release */,
			);
			defaultConfigurationIsVisible = 0;
			defaultConfigurationName = Release;
		};
		436DDCB12BA4C26000BA41E0 /* Build configuration list for PBXNativeTarget "ReduxApplicationTests" */ = {
			isa = XCConfigurationList;
			buildConfigurations = (
				436DDCB22BA4C26000BA41E0 /* Debug */,
				436DDCB32BA4C26000BA41E0 /* Release */,
			);
			defaultConfigurationIsVisible = 0;
			defaultConfigurationName = Release;
		};
		436DDCB42BA4C26000BA41E0 /* Build configuration list for PBXNativeTarget "ReduxApplicationUITests" */ = {
			isa = XCConfigurationList;
			buildConfigurations = (
				436DDCB52BA4C26000BA41E0 /* Debug */,
				436DDCB62BA4C26000BA41E0 /* Release */,
			);
			defaultConfigurationIsVisible = 0;
			defaultConfigurationName = Release;
		};
/* End XCConfigurationList section */
	};
	rootObject = 436DDC822BA4C25D00BA41E0 /* Project object */;
}
